{
  "name": "mps3",
  "version": "1.0.0",
  "lockfileVersion": 2,
  "requires": true,
  "packages": {
    "": {
      "name": "mps3",
      "version": "1.0.0",
      "license": "MIT",
      "dependencies": {
        "bun": "^0.7.0"
      },
      "devDependencies": {}
    },
    "node_modules/@oven/bun-darwin-aarch64": {
      "version": "0.7.0",
      "resolved": "https://registry.npmjs.org/@oven/bun-darwin-aarch64/-/bun-darwin-aarch64-0.7.0.tgz",
      "integrity": "sha512-G8IMj5RrqMW8t31qQ0B+xVID+GrU4PSHzF5579sLLH+EhS3UUS4isH4dZmZmzno5R21qxzRIQgIu7znQApchBw==",
      "cpu": [
        "arm64"
      ],
      "optional": true,
      "os": [
        "darwin"
      ]
    },
    "node_modules/@oven/bun-darwin-x64": {
      "version": "0.7.0",
      "resolved": "https://registry.npmjs.org/@oven/bun-darwin-x64/-/bun-darwin-x64-0.7.0.tgz",
      "integrity": "sha512-mA3L3nvR1TjLN3tTPvK7M41h0JuVFpq8rRiBvFmPJn2kqJ2s+VgzKm+0/IIrA4ElSY9Q6JCwaS0dezf1kfEx/Q==",
      "cpu": [
        "x64"
      ],
      "optional": true,
      "os": [
        "darwin"
      ]
    },
    "node_modules/@oven/bun-darwin-x64-baseline": {
      "version": "0.7.0",
      "resolved": "https://registry.npmjs.org/@oven/bun-darwin-x64-baseline/-/bun-darwin-x64-baseline-0.7.0.tgz",
      "integrity": "sha512-Q/5/jjMPWDnXELt9Vw1FJQrsKUig8sLdGrjWSAxMAWgKDfyxPHU6ef9Tg3iR8EqkPT+UYzecSghAZFzgl8qsfA==",
      "cpu": [
        "x64"
      ],
      "optional": true,
      "os": [
        "darwin"
      ]
    },
    "node_modules/@oven/bun-linux-aarch64": {
      "version": "0.7.0",
      "resolved": "https://registry.npmjs.org/@oven/bun-linux-aarch64/-/bun-linux-aarch64-0.7.0.tgz",
      "integrity": "sha512-N2z/0UKv/Jr1xruxEzJVflrMLYa7FaxejkTBGevypYOHYU+ov2pXfLpe1ymfXo8Fgg1D4P/GlAf8tHrWVhX5Cg==",
      "cpu": [
        "arm64"
      ],
      "optional": true,
      "os": [
        "linux"
      ]
    },
    "node_modules/@oven/bun-linux-x64": {
      "version": "0.7.0",
      "resolved": "https://registry.npmjs.org/@oven/bun-linux-x64/-/bun-linux-x64-0.7.0.tgz",
      "integrity": "sha512-MJF9NVBgaPnWATsd8PEn1F3YjSnCCuIa4OfntYKxRWhfsrKK24IsZzMg6j+xZWyezTJJGhyicj1o/TV90JlvHQ==",
      "cpu": [
        "x64"
      ],
      "optional": true,
      "os": [
        "linux"
      ]
    },
    "node_modules/@oven/bun-linux-x64-baseline": {
      "version": "0.7.0",
      "resolved": "https://registry.npmjs.org/@oven/bun-linux-x64-baseline/-/bun-linux-x64-baseline-0.7.0.tgz",
      "integrity": "sha512-ZCJIaEsdK6LeeO3ph+Gs8umXlXtawI+kPKqi81bL+0SGFuu37RUDSDOS5LF2RInxBXT6Ne0fCKEV/CNudNtFmw==",
      "cpu": [
        "x64"
      ],
      "optional": true,
      "os": [
        "linux"
      ]
    },
    "node_modules/bun": {
      "version": "0.7.0",
      "resolved": "https://registry.npmjs.org/bun/-/bun-0.7.0.tgz",
      "integrity": "sha512-D7z/R4gqgdPXjPZCP/bNiwK0IhfFtU1pUGDimN77lb8XbrLnmHsHAtOCYaM2wi55Ql1tT3bAkUr4Woz6Z8L9bg==",
      "cpu": [
        "arm64",
        "x64"
      ],
      "hasInstallScript": true,
      "os": [
        "darwin",
        "linux"
      ],
      "bin": {
        "bun": "bin/bun",
        "bunx": "bin/bun"
      },
      "optionalDependencies": {
        "@oven/bun-darwin-aarch64": "0.7.0",
        "@oven/bun-darwin-x64": "0.7.0",
        "@oven/bun-darwin-x64-baseline": "0.7.0",
        "@oven/bun-linux-aarch64": "0.7.0",
        "@oven/bun-linux-x64": "0.7.0",
        "@oven/bun-linux-x64-baseline": "0.7.0"
      }
    }
  },
  "dependencies": {
    "@oven/bun-darwin-aarch64": {
      "version": "0.7.0",
      "resolved": "https://registry.npmjs.org/@oven/bun-darwin-aarch64/-/bun-darwin-aarch64-0.7.0.tgz",
      "integrity": "sha512-G8IMj5RrqMW8t31qQ0B+xVID+GrU4PSHzF5579sLLH+EhS3UUS4isH4dZmZmzno5R21qxzRIQgIu7znQApchBw==",
      "optional": true
    },
    "@oven/bun-darwin-x64": {
      "version": "0.7.0",
      "resolved": "https://registry.npmjs.org/@oven/bun-darwin-x64/-/bun-darwin-x64-0.7.0.tgz",
      "integrity": "sha512-mA3L3nvR1TjLN3tTPvK7M41h0JuVFpq8rRiBvFmPJn2kqJ2s+VgzKm+0/IIrA4ElSY9Q6JCwaS0dezf1kfEx/Q==",
      "optional": true
    },
    "@oven/bun-darwin-x64-baseline": {
      "version": "0.7.0",
      "resolved": "https://registry.npmjs.org/@oven/bun-darwin-x64-baseline/-/bun-darwin-x64-baseline-0.7.0.tgz",
      "integrity": "sha512-Q/5/jjMPWDnXELt9Vw1FJQrsKUig8sLdGrjWSAxMAWgKDfyxPHU6ef9Tg3iR8EqkPT+UYzecSghAZFzgl8qsfA==",
      "optional": true
    },
    "@oven/bun-linux-aarch64": {
      "version": "0.7.0",
      "resolved": "https://registry.npmjs.org/@oven/bun-linux-aarch64/-/bun-linux-aarch64-0.7.0.tgz",
      "integrity": "sha512-N2z/0UKv/Jr1xruxEzJVflrMLYa7FaxejkTBGevypYOHYU+ov2pXfLpe1ymfXo8Fgg1D4P/GlAf8tHrWVhX5Cg==",
      "optional": true
    },
    "@oven/bun-linux-x64": {
      "version": "0.7.0",
      "resolved": "https://registry.npmjs.org/@oven/bun-linux-x64/-/bun-linux-x64-0.7.0.tgz",
      "integrity": "sha512-MJF9NVBgaPnWATsd8PEn1F3YjSnCCuIa4OfntYKxRWhfsrKK24IsZzMg6j+xZWyezTJJGhyicj1o/TV90JlvHQ==",
      "optional": true
    },
    "@oven/bun-linux-x64-baseline": {
      "version": "0.7.0",
      "resolved": "https://registry.npmjs.org/@oven/bun-linux-x64-baseline/-/bun-linux-x64-baseline-0.7.0.tgz",
      "integrity": "sha512-ZCJIaEsdK6LeeO3ph+Gs8umXlXtawI+kPKqi81bL+0SGFuu37RUDSDOS5LF2RInxBXT6Ne0fCKEV/CNudNtFmw==",
      "optional": true
    },
    "bun": {
      "version": "0.7.0",
      "resolved": "https://registry.npmjs.org/bun/-/bun-0.7.0.tgz",
      "integrity": "sha512-D7z/R4gqgdPXjPZCP/bNiwK0IhfFtU1pUGDimN77lb8XbrLnmHsHAtOCYaM2wi55Ql1tT3bAkUr4Woz6Z8L9bg==",
      "requires": {
        "@oven/bun-darwin-aarch64": "0.7.0",
        "@oven/bun-darwin-x64": "0.7.0",
        "@oven/bun-darwin-x64-baseline": "0.7.0",
        "@oven/bun-linux-aarch64": "0.7.0",
        "@oven/bun-linux-x64": "0.7.0",
        "@oven/bun-linux-x64-baseline": "0.7.0"
      }
    }
  }
}
